{
  "pins" : [
    {
      "identity" : "ux-native-ios",
      "kind" : "remoteSourceControl",
      "location" : "https://github.com/meili-travel-tech/ux-native-ios",
      "state" : {
        "revision" : "7cfe39d16441504753703e711ab17f72eee1a0b0",
        "version" : "1.9.2"
      }
    }
  ],
  "version" : 2
}
