{
  "pins" : [
    {
      "identity" : "ux-native-ios",
      "kind" : "remoteSourceControl",
      "location" : "https://github.com/meili-travel-tech/ux-native-ios",
      "state" : {
        "revision" : "f23f36cea0400b143e93f61e29ad4f8a95b64d6a",
        "version" : "1.10.0"
      }
    }
  ],
  "version" : 2
}
