{
  "pins" : [
    {
      "identity" : "ux-native-ios",
      "kind" : "remoteSourceControl",
      "location" : "https://github.com/meili-travel-tech/ux-native-ios",
      "state" : {
        "revision" : "faf110c8b9ebded0c2f8c40ae170568a1d18b2ee",
        "version" : "1.6.3-alpha.10"
      }
    }
  ],
  "version" : 2
}
