{
  "pins" : [
    {
      "identity" : "ux-native-ios",
      "kind" : "remoteSourceControl",
      "location" : "https://github.com/meili-travel-tech/ux-native-ios",
      "state" : {
        "revision" : "5bfe792418c428fb1a6784c2971ddcbc49bd00dd",
        "version" : "1.9.1"
      }
    }
  ],
  "version" : 2
}
