{
  "pins" : [
    {
      "identity" : "ux-native-ios",
      "kind" : "remoteSourceControl",
      "location" : "https://github.com/meili-travel-tech/ux-native-ios",
      "state" : {
        "revision" : "c9d49ad1284f3074e2ab6d78ee8bd368de9fd335",
        "version" : "1.6.3-alpha.9"
      }
    }
  ],
  "version" : 2
}
